{
  "version": 4,
  "terraform_version": "1.15.2",
  "serial": 8,
  "lineage": "631a3df1-37a9-700d-a229-9ecc5571338e",
  "outputs": {},
  "resources": [
    {
      "mode": "data",
      "type": "aws_iam_policy_document",
      "name": "ec2_trust_policy",
      "provider": "provider[\"registry.terraform.io/hashicorp/aws\"]",
      "instances": [
        {
          "schema_version": 0,
          "attributes": {
            "id": "2851119427",
            "json": "{\n  \"Version\": \"2012-10-17\",\n  \"Statement\": [\n    {\n      \"Effect\": \"Allow\",\n      \"Action\": \"sts:AssumeRole\",\n      \"Principal\": {\n        \"Service\": \"ec2.amazonaws.com\"\n      }\n    }\n  ]\n}",
            "minified_json": "{\"Version\":\"2012-10-17\",\"Statement\":[{\"Effect\":\"Allow\",\"Action\":\"sts:AssumeRole\",\"Principal\":{\"Service\":\"ec2.amazonaws.com\"}}]}",
            "override_json": null,
            "override_policy_documents": null,
            "policy_id": null,
            "source_json": null,
            "source_policy_documents": null,
            "statement": [
              {
                "actions": [
                  "sts:AssumeRole"
                ],
                "condition": [],
                "effect": "Allow",
                "not_actions": [],
                "not_principals": [],
                "not_resources": [],
                "principals": [
                  {
                    "identifiers": [
                      "ec2.amazonaws.com"
                    ],
                    "type": "Service"
                  }
                ],
                "resources": [],
                "sid": ""
              }
            ],
            "version": "2012-10-17"
          },
          "sensitive_attributes": [],
          "identity_schema_version": 0
        }
      ]
    },
    {
      "mode": "managed",
      "type": "aws_iam_group",
      "name": "this_group",
      "provider": "provider[\"registry.terraform.io/hashicorp/aws\"]",
      "instances": [
        {
          "schema_version": 0,
          "attributes": {
            "arn": "arn:aws:iam::585008068960:group/users/cmtr-6pajwelx-iam-group",
            "id": "cmtr-6pajwelx-iam-group",
            "name": "cmtr-6pajwelx-iam-group",
            "path": "/users/",
            "unique_id": "AGPAYQNJSXFQC2OPQ4M5T"
          },
          "sensitive_attributes": [],
          "identity_schema_version": 0,
          "private": "bnVsbA=="
        }
      ]
    },
    {
      "mode": "managed",
      "type": "aws_iam_instance_profile",
      "name": "this_profile",
      "provider": "provider[\"registry.terraform.io/hashicorp/aws\"]",
      "instances": [
        {
          "schema_version": 0,
          "attributes": {
            "arn": "arn:aws:iam::585008068960:instance-profile/cmtr-6pajwelx-iam-instance-profile",
            "create_date": "2026-05-23T11:13:53Z",
            "id": "cmtr-6pajwelx-iam-instance-profile",
            "name": "cmtr-6pajwelx-iam-instance-profile",
            "name_prefix": "",
            "path": "/",
            "role": "cmtr-6pajwelx-iam-role",
            "tags": null,
            "tags_all": {
              "Project": "cmtr-6pajwelx"
            },
            "unique_id": "AIPAYQNJSXFQIXKWYULOI"
          },
          "sensitive_attributes": [],
          "identity_schema_version": 0,
          "identity": {
            "account_id": "585008068960",
            "name": "cmtr-6pajwelx-iam-instance-profile"
          },
          "private": "bnVsbA==",
          "dependencies": [
            "aws_iam_policy.this_policy",
            "aws_iam_role.this_role",
            "data.aws_iam_policy_document.ec2_trust_policy"
          ]
        }
      ]
    },
    {
      "mode": "managed",
      "type": "aws_iam_policy",
      "name": "this_policy",
      "provider": "provider[\"registry.terraform.io/hashicorp/aws\"]",
      "instances": [
        {
          "schema_version": 0,
          "attributes": {
            "arn": "arn:aws:iam::585008068960:policy/cmtr-6pajwelx-iam-policy",
            "attachment_count": 0,
            "delay_after_policy_creation_in_ms": null,
            "description": "My s3 bucket policy",
            "id": "arn:aws:iam::585008068960:policy/cmtr-6pajwelx-iam-policy",
            "name": "cmtr-6pajwelx-iam-policy",
            "name_prefix": "",
            "path": "/",
            "policy": "{\"Statement\":[{\"Action\":[\"s3:DeleteObject\",\"s3:PutObject\"],\"Effect\":\"Allow\",\"Resource\":\"arn:aws:s3:::cmtr-6pajwelx-bucket-1779530415/*\",\"Sid\":\"Statement1\"}],\"Version\":\"2012-10-17\"}",
            "policy_id": "ANPAYQNJSXFQLX3MZYVDP",
            "tags": null,
            "tags_all": {
              "Project": "cmtr-6pajwelx"
            }
          },
          "sensitive_attributes": [],
          "identity_schema_version": 0,
          "identity": {
            "arn": "arn:aws:iam::585008068960:policy/cmtr-6pajwelx-iam-policy"
          },
          "private": "bnVsbA=="
        }
      ]
    },
    {
      "mode": "managed",
      "type": "aws_iam_policy_attachment",
      "name": "this_attachment",
      "provider": "provider[\"registry.terraform.io/hashicorp/aws\"]",
      "instances": [
        {
          "schema_version": 0,
          "attributes": {
            "groups": null,
            "id": "cmtr-6pajwelx-iam-attachment",
            "name": "cmtr-6pajwelx-iam-attachment",
            "policy_arn": "arn:aws:iam::585008068960:policy/cmtr-6pajwelx-iam-policy",
            "roles": [
              "cmtr-6pajwelx-iam-role"
            ],
            "users": null
          },
          "sensitive_attributes": [],
          "identity_schema_version": 0,
          "private": "bnVsbA==",
          "dependencies": [
            "aws_iam_policy.this_policy",
            "aws_iam_role.this_role",
            "data.aws_iam_policy_document.ec2_trust_policy"
          ]
        }
      ]
    },
    {
      "mode": "managed",
      "type": "aws_iam_role",
      "name": "this_role",
      "provider": "provider[\"registry.terraform.io/hashicorp/aws\"]",
      "instances": [
        {
          "schema_version": 0,
          "attributes": {
            "arn": "arn:aws:iam::585008068960:role/cmtr-6pajwelx-iam-role",
            "assume_role_policy": "{\"Statement\":[{\"Action\":\"sts:AssumeRole\",\"Effect\":\"Allow\",\"Principal\":{\"Service\":\"ec2.amazonaws.com\"}}],\"Version\":\"2012-10-17\"}",
            "create_date": "2026-05-23T11:13:52Z",
            "description": "",
            "force_detach_policies": false,
            "id": "cmtr-6pajwelx-iam-role",
            "inline_policy": [],
            "managed_policy_arns": [
              "arn:aws:iam::585008068960:policy/cmtr-6pajwelx-iam-policy"
            ],
            "max_session_duration": 3600,
            "name": "cmtr-6pajwelx-iam-role",
            "name_prefix": "",
            "path": "/",
            "permissions_boundary": "",
            "tags": null,
            "tags_all": {
              "Project": "cmtr-6pajwelx"
            },
            "unique_id": "AROAYQNJSXFQOWQWVBU6W"
          },
          "sensitive_attributes": [],
          "identity_schema_version": 0,
          "identity": {
            "account_id": "585008068960",
            "name": "cmtr-6pajwelx-iam-role"
          },
          "private": "bnVsbA==",
          "dependencies": [
            "aws_iam_policy.this_policy",
            "data.aws_iam_policy_document.ec2_trust_policy"
          ]
        }
      ]
    }
  ],
  "check_results": null
}
